
Microsoft Visual Studio Solution File, Format Version 12.00
# Visual Studio 15
VisualStudioVersion = 15.0.26124.0
MinimumVisualStudioVersion = 15.0.26124.0
Project("{F2A71F9B-5D33-465A-A702-920D77279786}") = "Explorator.FsApi", "Explorator.FsApi\Explorator.FsApi.fsproj", "{00C67A79-5149-41B9-9D83-D7AC96CF9885}"
EndProject
Project("{FAE04EC0-301F-11D3-BF4B-00C04F79EFBC}") = "Explorator.CsApi", "Explorator.CsApi\Explorator.CsApi.csproj", "{026D737C-F29C-4EC6-B407-3D82C80786DF}"
EndProject
Global
	GlobalSection(SolutionConfigurationPlatforms) = preSolution
		Debug|Any CPU = Debug|Any CPU
		Debug|x64 = Debug|x64
		Debug|x86 = Debug|x86
		Release|Any CPU = Release|Any CPU
		Release|x64 = Release|x64
		Release|x86 = Release|x86
	EndGlobalSection
	GlobalSection(SolutionProperties) = preSolution
		HideSolutionNode = FALSE
	EndGlobalSection
	GlobalSection(ProjectConfigurationPlatforms) = postSolution
		{00C67A79-5149-41B9-9D83-D7AC96CF9885}.Debug|Any CPU.ActiveCfg = Debug|Any CPU
		{00C67A79-5149-41B9-9D83-D7AC96CF9885}.Debug|Any CPU.Build.0 = Debug|Any CPU
		{00C67A79-5149-41B9-9D83-D7AC96CF9885}.Debug|x64.ActiveCfg = Debug|Any CPU
		{00C67A79-5149-41B9-9D83-D7AC96CF9885}.Debug|x64.Build.0 = Debug|Any CPU
		{00C67A79-5149-41B9-9D83-D7AC96CF9885}.Debug|x86.ActiveCfg = Debug|Any CPU
		{00C67A79-5149-41B9-9D83-D7AC96CF9885}.Debug|x86.Build.0 = Debug|Any CPU
		{00C67A79-5149-41B9-9D83-D7AC96CF9885}.Release|Any CPU.ActiveCfg = Release|Any CPU
		{00C67A79-5149-41B9-9D83-D7AC96CF9885}.Release|Any CPU.Build.0 = Release|Any CPU
		{00C67A79-5149-41B9-9D83-D7AC96CF9885}.Release|x64.ActiveCfg = Release|Any CPU
		{00C67A79-5149-41B9-9D83-D7AC96CF9885}.Release|x64.Build.0 = Release|Any CPU
		{00C67A79-5149-41B9-9D83-D7AC96CF9885}.Release|x86.ActiveCfg = Release|Any CPU
		{00C67A79-5149-41B9-9D83-D7AC96CF9885}.Release|x86.Build.0 = Release|Any CPU
		{026D737C-F29C-4EC6-B407-3D82C80786DF}.Debug|Any CPU.ActiveCfg = Debug|Any CPU
		{026D737C-F29C-4EC6-B407-3D82C80786DF}.Debug|Any CPU.Build.0 = Debug|Any CPU
		{026D737C-F29C-4EC6-B407-3D82C80786DF}.Debug|x64.ActiveCfg = Debug|Any CPU
		{026D737C-F29C-4EC6-B407-3D82C80786DF}.Debug|x64.Build.0 = Debug|Any CPU
		{026D737C-F29C-4EC6-B407-3D82C80786DF}.Debug|x86.ActiveCfg = Debug|Any CPU
		{026D737C-F29C-4EC6-B407-3D82C80786DF}.Debug|x86.Build.0 = Debug|Any CPU
		{026D737C-F29C-4EC6-B407-3D82C80786DF}.Release|Any CPU.ActiveCfg = Release|Any CPU
		{026D737C-F29C-4EC6-B407-3D82C80786DF}.Release|Any CPU.Build.0 = Release|Any CPU
		{026D737C-F29C-4EC6-B407-3D82C80786DF}.Release|x64.ActiveCfg = Release|Any CPU
		{026D737C-F29C-4EC6-B407-3D82C80786DF}.Release|x64.Build.0 = Release|Any CPU
		{026D737C-F29C-4EC6-B407-3D82C80786DF}.Release|x86.ActiveCfg = Release|Any CPU
		{026D737C-F29C-4EC6-B407-3D82C80786DF}.Release|x86.Build.0 = Release|Any CPU
	EndGlobalSection
EndGlobal
